
Microsoft Visual Studio Solution File, Format Version 12.00
# Visual Studio 15
VisualStudioVersion = 15.0.26206.0
MinimumVisualStudioVersion = 10.0.40219.1
Project("{9A19103F-16F7-4668-BE54-9A1E7A4F7556}") = "AuthApp.Web.Intranet", "AuthApp.Web.Intranet\AuthApp.Web.Intranet.csproj", "{1FA804A4-517D-4E0B-A8CC-111F3D9E0451}"
EndProject
Project("{9A19103F-16F7-4668-BE54-9A1E7A4F7556}") = "AuthApp.Service", "AuthApp.Service\AuthApp.Service.csproj", "{D2BBBD51-FCCD-4BF4-9B5B-11521DEB18C4}"
EndProject
Project("{FAE04EC0-301F-11D3-BF4B-00C04F79EFBC}") = "AuthApp.Data", "AuthApp.Data\AuthApp.Data.csproj", "{9FC3A3CF-5532-46DC-A032-2902E8E76AD5}"
EndProject
Project("{FAE04EC0-301F-11D3-BF4B-00C04F79EFBC}") = "AuthApp.Domain", "AuthApp.Domain\AuthApp.Domain.csproj", "{A5CB7E2E-26F2-438C-AB50-4F7C0D367579}"
EndProject
Global
	GlobalSection(SolutionConfigurationPlatforms) = preSolution
		Debug|Any CPU = Debug|Any CPU
		Debug|x64 = Debug|x64
		Debug|x86 = Debug|x86
		Release|Any CPU = Release|Any CPU
		Release|x64 = Release|x64
		Release|x86 = Release|x86
	EndGlobalSection
	GlobalSection(ProjectConfigurationPlatforms) = postSolution
		{1FA804A4-517D-4E0B-A8CC-111F3D9E0451}.Debug|Any CPU.ActiveCfg = Debug|Any CPU
		{1FA804A4-517D-4E0B-A8CC-111F3D9E0451}.Debug|Any CPU.Build.0 = Debug|Any CPU
		{1FA804A4-517D-4E0B-A8CC-111F3D9E0451}.Debug|x64.ActiveCfg = Debug|Any CPU
		{1FA804A4-517D-4E0B-A8CC-111F3D9E0451}.Debug|x64.Build.0 = Debug|Any CPU
		{1FA804A4-517D-4E0B-A8CC-111F3D9E0451}.Debug|x86.ActiveCfg = Debug|Any CPU
		{1FA804A4-517D-4E0B-A8CC-111F3D9E0451}.Debug|x86.Build.0 = Debug|Any CPU
		{1FA804A4-517D-4E0B-A8CC-111F3D9E0451}.Release|Any CPU.ActiveCfg = Release|Any CPU
		{1FA804A4-517D-4E0B-A8CC-111F3D9E0451}.Release|Any CPU.Build.0 = Release|Any CPU
		{1FA804A4-517D-4E0B-A8CC-111F3D9E0451}.Release|x64.ActiveCfg = Release|Any CPU
		{1FA804A4-517D-4E0B-A8CC-111F3D9E0451}.Release|x64.Build.0 = Release|Any CPU
		{1FA804A4-517D-4E0B-A8CC-111F3D9E0451}.Release|x86.ActiveCfg = Release|Any CPU
		{1FA804A4-517D-4E0B-A8CC-111F3D9E0451}.Release|x86.Build.0 = Release|Any CPU
		{D2BBBD51-FCCD-4BF4-9B5B-11521DEB18C4}.Debug|Any CPU.ActiveCfg = Debug|Any CPU
		{D2BBBD51-FCCD-4BF4-9B5B-11521DEB18C4}.Debug|Any CPU.Build.0 = Debug|Any CPU
		{D2BBBD51-FCCD-4BF4-9B5B-11521DEB18C4}.Debug|x64.ActiveCfg = Debug|Any CPU
		{D2BBBD51-FCCD-4BF4-9B5B-11521DEB18C4}.Debug|x64.Build.0 = Debug|Any CPU
		{D2BBBD51-FCCD-4BF4-9B5B-11521DEB18C4}.Debug|x86.ActiveCfg = Debug|Any CPU
		{D2BBBD51-FCCD-4BF4-9B5B-11521DEB18C4}.Debug|x86.Build.0 = Debug|Any CPU
		{D2BBBD51-FCCD-4BF4-9B5B-11521DEB18C4}.Release|Any CPU.ActiveCfg = Release|Any CPU
		{D2BBBD51-FCCD-4BF4-9B5B-11521DEB18C4}.Release|Any CPU.Build.0 = Release|Any CPU
		{D2BBBD51-FCCD-4BF4-9B5B-11521DEB18C4}.Release|x64.ActiveCfg = Release|Any CPU
		{D2BBBD51-FCCD-4BF4-9B5B-11521DEB18C4}.Release|x64.Build.0 = Release|Any CPU
		{D2BBBD51-FCCD-4BF4-9B5B-11521DEB18C4}.Release|x86.ActiveCfg = Release|Any CPU
		{D2BBBD51-FCCD-4BF4-9B5B-11521DEB18C4}.Release|x86.Build.0 = Release|Any CPU
		{9FC3A3CF-5532-46DC-A032-2902E8E76AD5}.Debug|Any CPU.ActiveCfg = Debug|Any CPU
		{9FC3A3CF-5532-46DC-A032-2902E8E76AD5}.Debug|Any CPU.Build.0 = Debug|Any CPU
		{9FC3A3CF-5532-46DC-A032-2902E8E76AD5}.Debug|x64.ActiveCfg = Debug|Any CPU
		{9FC3A3CF-5532-46DC-A032-2902E8E76AD5}.Debug|x64.Build.0 = Debug|Any CPU
		{9FC3A3CF-5532-46DC-A032-2902E8E76AD5}.Debug|x86.ActiveCfg = Debug|Any CPU
		{9FC3A3CF-5532-46DC-A032-2902E8E76AD5}.Debug|x86.Build.0 = Debug|Any CPU
		{9FC3A3CF-5532-46DC-A032-2902E8E76AD5}.Release|Any CPU.ActiveCfg = Release|Any CPU
		{9FC3A3CF-5532-46DC-A032-2902E8E76AD5}.Release|Any CPU.Build.0 = Release|Any CPU
		{9FC3A3CF-5532-46DC-A032-2902E8E76AD5}.Release|x64.ActiveCfg = Release|Any CPU
		{9FC3A3CF-5532-46DC-A032-2902E8E76AD5}.Release|x64.Build.0 = Release|Any CPU
		{9FC3A3CF-5532-46DC-A032-2902E8E76AD5}.Release|x86.ActiveCfg = Release|Any CPU
		{9FC3A3CF-5532-46DC-A032-2902E8E76AD5}.Release|x86.Build.0 = Release|Any CPU
		{A5CB7E2E-26F2-438C-AB50-4F7C0D367579}.Debug|Any CPU.ActiveCfg = Debug|Any CPU
		{A5CB7E2E-26F2-438C-AB50-4F7C0D367579}.Debug|Any CPU.Build.0 = Debug|Any CPU
		{A5CB7E2E-26F2-438C-AB50-4F7C0D367579}.Debug|x64.ActiveCfg = Debug|Any CPU
		{A5CB7E2E-26F2-438C-AB50-4F7C0D367579}.Debug|x64.Build.0 = Debug|Any CPU
		{A5CB7E2E-26F2-438C-AB50-4F7C0D367579}.Debug|x86.ActiveCfg = Debug|Any CPU
		{A5CB7E2E-26F2-438C-AB50-4F7C0D367579}.Debug|x86.Build.0 = Debug|Any CPU
		{A5CB7E2E-26F2-438C-AB50-4F7C0D367579}.Release|Any CPU.ActiveCfg = Release|Any CPU
		{A5CB7E2E-26F2-438C-AB50-4F7C0D367579}.Release|Any CPU.Build.0 = Release|Any CPU
		{A5CB7E2E-26F2-438C-AB50-4F7C0D367579}.Release|x64.ActiveCfg = Release|Any CPU
		{A5CB7E2E-26F2-438C-AB50-4F7C0D367579}.Release|x64.Build.0 = Release|Any CPU
		{A5CB7E2E-26F2-438C-AB50-4F7C0D367579}.Release|x86.ActiveCfg = Release|Any CPU
		{A5CB7E2E-26F2-438C-AB50-4F7C0D367579}.Release|x86.Build.0 = Release|Any CPU
	EndGlobalSection
	GlobalSection(SolutionProperties) = preSolution
		HideSolutionNode = FALSE
	EndGlobalSection
	GlobalSection(ExtensibilityGlobals) = postSolution
		SolutionGuid = {4FC044E9-01B2-4832-8B07-A648C2E05F09}
	EndGlobalSection
EndGlobal
